
Microsoft Visual Studio Solution File, Format Version 12.00
# Visual Studio Version 16
VisualStudioVersion = 16.0.29123.88
MinimumVisualStudioVersion = 10.0.40219.1
Project("{9A19103F-16F7-4668-BE54-9A1E7A4F7556}") = "LeftRightRootHeight", "LeftRightRootHeight\LeftRightRootHeight.csproj", "{84C6CA4B-E66F-4398-BA82-2CE44470B842}"
EndProject
Project("{FAE04EC0-301F-11D3-BF4B-00C04F79EFBC}") = "MultiChildRootSearch", "MultiChildRootSearch\MultiChildRootSearch.csproj", "{828C770A-5A33-4E15-AC10-5CDD08B37966}"
EndProject
Global
	GlobalSection(SolutionConfigurationPlatforms) = preSolution
		Debug|Any CPU = Debug|Any CPU
		Release|Any CPU = Release|Any CPU
	EndGlobalSection
	GlobalSection(ProjectConfigurationPlatforms) = postSolution
		{84C6CA4B-E66F-4398-BA82-2CE44470B842}.Debug|Any CPU.ActiveCfg = Debug|Any CPU
		{84C6CA4B-E66F-4398-BA82-2CE44470B842}.Debug|Any CPU.Build.0 = Debug|Any CPU
		{84C6CA4B-E66F-4398-BA82-2CE44470B842}.Release|Any CPU.ActiveCfg = Release|Any CPU
		{84C6CA4B-E66F-4398-BA82-2CE44470B842}.Release|Any CPU.Build.0 = Release|Any CPU
		{828C770A-5A33-4E15-AC10-5CDD08B37966}.Debug|Any CPU.ActiveCfg = Debug|Any CPU
		{828C770A-5A33-4E15-AC10-5CDD08B37966}.Debug|Any CPU.Build.0 = Debug|Any CPU
		{828C770A-5A33-4E15-AC10-5CDD08B37966}.Release|Any CPU.ActiveCfg = Release|Any CPU
		{828C770A-5A33-4E15-AC10-5CDD08B37966}.Release|Any CPU.Build.0 = Release|Any CPU
	EndGlobalSection
	GlobalSection(SolutionProperties) = preSolution
		HideSolutionNode = FALSE
	EndGlobalSection
	GlobalSection(ExtensibilityGlobals) = postSolution
		SolutionGuid = {05E9341C-7256-4674-B5F1-367B7B9E56CA}
	EndGlobalSection
EndGlobal
